
Microsoft Visual Studio Solution File, Format Version 12.00
# Visual Studio Version 16
VisualStudioVersion = 16.0.31105.61
MinimumVisualStudioVersion = 10.0.40219.1
Project("{FAE04EC0-301F-11D3-BF4B-00C04F79EFBC}") = "Builder", "Builder\Builder.csproj", "{1011842E-838B-4A2E-BC92-7E19F58DF612}"
EndProject
Global
	GlobalSection(SolutionConfigurationPlatforms) = preSolution
		Debug|Any CPU = Debug|Any CPU
		Release|Any CPU = Release|Any CPU
	EndGlobalSection
	GlobalSection(ProjectConfigurationPlatforms) = postSolution
		{1011842E-838B-4A2E-BC92-7E19F58DF612}.Debug|Any CPU.ActiveCfg = Debug|Any CPU
		{1011842E-838B-4A2E-BC92-7E19F58DF612}.Debug|Any CPU.Build.0 = Debug|Any CPU
		{1011842E-838B-4A2E-BC92-7E19F58DF612}.Release|Any CPU.ActiveCfg = Release|Any CPU
		{1011842E-838B-4A2E-BC92-7E19F58DF612}.Release|Any CPU.Build.0 = Release|Any CPU
	EndGlobalSection
	GlobalSection(SolutionProperties) = preSolution
		HideSolutionNode = FALSE
	EndGlobalSection
	GlobalSection(ExtensibilityGlobals) = postSolution
		SolutionGuid = {0B38F323-07AF-4846-ABAB-E319C22DAE0C}
	EndGlobalSection
EndGlobal
