
Microsoft Visual Studio Solution File, Format Version 12.00
# Visual Studio Version 16
VisualStudioVersion = 16.0.31019.35
MinimumVisualStudioVersion = 10.0.40219.1
Project("{FAE04EC0-301F-11D3-BF4B-00C04F79EFBC}") = "Async_Await_1", "Async_Await_1\Async_Await_1.csproj", "{739E7103-185A-4E9A-B271-C995C585B209}"
EndProject
Global
	GlobalSection(SolutionConfigurationPlatforms) = preSolution
		Debug|Any CPU = Debug|Any CPU
		Release|Any CPU = Release|Any CPU
	EndGlobalSection
	GlobalSection(ProjectConfigurationPlatforms) = postSolution
		{739E7103-185A-4E9A-B271-C995C585B209}.Debug|Any CPU.ActiveCfg = Debug|Any CPU
		{739E7103-185A-4E9A-B271-C995C585B209}.Debug|Any CPU.Build.0 = Debug|Any CPU
		{739E7103-185A-4E9A-B271-C995C585B209}.Release|Any CPU.ActiveCfg = Release|Any CPU
		{739E7103-185A-4E9A-B271-C995C585B209}.Release|Any CPU.Build.0 = Release|Any CPU
	EndGlobalSection
	GlobalSection(SolutionProperties) = preSolution
		HideSolutionNode = FALSE
	EndGlobalSection
	GlobalSection(ExtensibilityGlobals) = postSolution
		SolutionGuid = {5986F804-637D-4D6A-8FCC-70D1FAAB57B9}
	EndGlobalSection
EndGlobal
