
Microsoft Visual Studio Solution File, Format Version 12.00
# Visual Studio Version 16
VisualStudioVersion = 16.0.31019.35
MinimumVisualStudioVersion = 10.0.40219.1
Project("{FAE04EC0-301F-11D3-BF4B-00C04F79EFBC}") = "FirstConsoleApplication", "FirstConsoleApplication\FirstConsoleApplication.csproj", "{B5BAC115-2B91-4F9E-9DAD-F5D0943946C1}"
EndProject
Global
	GlobalSection(SolutionConfigurationPlatforms) = preSolution
		Debug|Any CPU = Debug|Any CPU
		Release|Any CPU = Release|Any CPU
	EndGlobalSection
	GlobalSection(ProjectConfigurationPlatforms) = postSolution
		{B5BAC115-2B91-4F9E-9DAD-F5D0943946C1}.Debug|Any CPU.ActiveCfg = Debug|Any CPU
		{B5BAC115-2B91-4F9E-9DAD-F5D0943946C1}.Debug|Any CPU.Build.0 = Debug|Any CPU
		{B5BAC115-2B91-4F9E-9DAD-F5D0943946C1}.Release|Any CPU.ActiveCfg = Release|Any CPU
		{B5BAC115-2B91-4F9E-9DAD-F5D0943946C1}.Release|Any CPU.Build.0 = Release|Any CPU
	EndGlobalSection
	GlobalSection(SolutionProperties) = preSolution
		HideSolutionNode = FALSE
	EndGlobalSection
	GlobalSection(ExtensibilityGlobals) = postSolution
		SolutionGuid = {5C3D969F-9828-47F3-A3D8-2733364F8981}
	EndGlobalSection
EndGlobal
