
Microsoft Visual Studio Solution File, Format Version 12.00
# Visual Studio Version 16
VisualStudioVersion = 16.0.31019.35
MinimumVisualStudioVersion = 10.0.40219.1
Project("{FAE04EC0-301F-11D3-BF4B-00C04F79EFBC}") = "MyFoodSupply", "MyFoodSupply\MyFoodSupply.csproj", "{53CC6B87-84E3-4CB6-87BC-3DDCAD59E6FB}"
EndProject
Project("{FAE04EC0-301F-11D3-BF4B-00C04F79EFBC}") = "MyFoodSupply.UnitTest", "MyFoodSupply.UnitTest\MyFoodSupply.UnitTest.csproj", "{3244DFF6-9F9A-4984-A12A-02DE1323BE71}"
EndProject
Global
	GlobalSection(SolutionConfigurationPlatforms) = preSolution
		Debug|Any CPU = Debug|Any CPU
		Release|Any CPU = Release|Any CPU
	EndGlobalSection
	GlobalSection(ProjectConfigurationPlatforms) = postSolution
		{53CC6B87-84E3-4CB6-87BC-3DDCAD59E6FB}.Debug|Any CPU.ActiveCfg = Debug|Any CPU
		{53CC6B87-84E3-4CB6-87BC-3DDCAD59E6FB}.Debug|Any CPU.Build.0 = Debug|Any CPU
		{53CC6B87-84E3-4CB6-87BC-3DDCAD59E6FB}.Release|Any CPU.ActiveCfg = Release|Any CPU
		{53CC6B87-84E3-4CB6-87BC-3DDCAD59E6FB}.Release|Any CPU.Build.0 = Release|Any CPU
		{3244DFF6-9F9A-4984-A12A-02DE1323BE71}.Debug|Any CPU.ActiveCfg = Debug|Any CPU
		{3244DFF6-9F9A-4984-A12A-02DE1323BE71}.Debug|Any CPU.Build.0 = Debug|Any CPU
		{3244DFF6-9F9A-4984-A12A-02DE1323BE71}.Release|Any CPU.ActiveCfg = Release|Any CPU
		{3244DFF6-9F9A-4984-A12A-02DE1323BE71}.Release|Any CPU.Build.0 = Release|Any CPU
	EndGlobalSection
	GlobalSection(SolutionProperties) = preSolution
		HideSolutionNode = FALSE
	EndGlobalSection
	GlobalSection(ExtensibilityGlobals) = postSolution
		SolutionGuid = {0447ED00-B7E6-4C3F-9BD3-7E03CB01BD14}
	EndGlobalSection
EndGlobal
