
Microsoft Visual Studio Solution File, Format Version 12.00
# Visual Studio Version 16
VisualStudioVersion = 16.0.31105.61
MinimumVisualStudioVersion = 10.0.40219.1
Project("{FAE04EC0-301F-11D3-BF4B-00C04F79EFBC}") = "ChainOfResponsibility", "ChainOfResponsibility\ChainOfResponsibility.csproj", "{461EF667-B79D-43E2-92BC-B323EF53C538}"
EndProject
Global
	GlobalSection(SolutionConfigurationPlatforms) = preSolution
		Debug|Any CPU = Debug|Any CPU
		Release|Any CPU = Release|Any CPU
	EndGlobalSection
	GlobalSection(ProjectConfigurationPlatforms) = postSolution
		{461EF667-B79D-43E2-92BC-B323EF53C538}.Debug|Any CPU.ActiveCfg = Debug|Any CPU
		{461EF667-B79D-43E2-92BC-B323EF53C538}.Debug|Any CPU.Build.0 = Debug|Any CPU
		{461EF667-B79D-43E2-92BC-B323EF53C538}.Release|Any CPU.ActiveCfg = Release|Any CPU
		{461EF667-B79D-43E2-92BC-B323EF53C538}.Release|Any CPU.Build.0 = Release|Any CPU
	EndGlobalSection
	GlobalSection(SolutionProperties) = preSolution
		HideSolutionNode = FALSE
	EndGlobalSection
	GlobalSection(ExtensibilityGlobals) = postSolution
		SolutionGuid = {66697A67-6E87-4703-9473-F84E9F10B648}
	EndGlobalSection
EndGlobal
