
Microsoft Visual Studio Solution File, Format Version 12.00
# Visual Studio Version 16
VisualStudioVersion = 16.0.31019.35
MinimumVisualStudioVersion = 10.0.40219.1
Project("{FAE04EC0-301F-11D3-BF4B-00C04F79EFBC}") = "GenericMedicine", "GenericMedicine\GenericMedicine.csproj", "{FC9B306D-2118-4DE5-92CC-E6F519B12748}"
EndProject
Project("{FAE04EC0-301F-11D3-BF4B-00C04F79EFBC}") = "GenericMedicine.UnitTest", "GenericMedicine.UnitTest\GenericMedicine.UnitTest.csproj", "{2DD1A97B-1370-46D7-A35F-02EC77D7785E}"
EndProject
Global
	GlobalSection(SolutionConfigurationPlatforms) = preSolution
		Debug|Any CPU = Debug|Any CPU
		Release|Any CPU = Release|Any CPU
	EndGlobalSection
	GlobalSection(ProjectConfigurationPlatforms) = postSolution
		{FC9B306D-2118-4DE5-92CC-E6F519B12748}.Debug|Any CPU.ActiveCfg = Debug|Any CPU
		{FC9B306D-2118-4DE5-92CC-E6F519B12748}.Debug|Any CPU.Build.0 = Debug|Any CPU
		{FC9B306D-2118-4DE5-92CC-E6F519B12748}.Release|Any CPU.ActiveCfg = Release|Any CPU
		{FC9B306D-2118-4DE5-92CC-E6F519B12748}.Release|Any CPU.Build.0 = Release|Any CPU
		{2DD1A97B-1370-46D7-A35F-02EC77D7785E}.Debug|Any CPU.ActiveCfg = Debug|Any CPU
		{2DD1A97B-1370-46D7-A35F-02EC77D7785E}.Debug|Any CPU.Build.0 = Debug|Any CPU
		{2DD1A97B-1370-46D7-A35F-02EC77D7785E}.Release|Any CPU.ActiveCfg = Release|Any CPU
		{2DD1A97B-1370-46D7-A35F-02EC77D7785E}.Release|Any CPU.Build.0 = Release|Any CPU
	EndGlobalSection
	GlobalSection(SolutionProperties) = preSolution
		HideSolutionNode = FALSE
	EndGlobalSection
	GlobalSection(ExtensibilityGlobals) = postSolution
		SolutionGuid = {A441BB91-AD09-41A3-AF5A-A7BA065167FE}
	EndGlobalSection
EndGlobal
