
Microsoft Visual Studio Solution File, Format Version 12.00
# Visual Studio Version 16
VisualStudioVersion = 16.0.31019.35
MinimumVisualStudioVersion = 10.0.40219.1
Project("{FAE04EC0-301F-11D3-BF4B-00C04F79EFBC}") = "CustomerCommLib", "CustomerCommLib\CustomerCommLib.csproj", "{0BED9D30-A86B-4ACB-A881-9F60620D53DB}"
EndProject
Project("{FAE04EC0-301F-11D3-BF4B-00C04F79EFBC}") = "CustomerCommLib.UnitTest", "CustomerCommLib.UnitTest\CustomerCommLib.UnitTest.csproj", "{7D19F959-844F-47FD-BDE8-982A4CC1B0A0}"
EndProject
Global
	GlobalSection(SolutionConfigurationPlatforms) = preSolution
		Debug|Any CPU = Debug|Any CPU
		Release|Any CPU = Release|Any CPU
	EndGlobalSection
	GlobalSection(ProjectConfigurationPlatforms) = postSolution
		{0BED9D30-A86B-4ACB-A881-9F60620D53DB}.Debug|Any CPU.ActiveCfg = Debug|Any CPU
		{0BED9D30-A86B-4ACB-A881-9F60620D53DB}.Debug|Any CPU.Build.0 = Debug|Any CPU
		{0BED9D30-A86B-4ACB-A881-9F60620D53DB}.Release|Any CPU.ActiveCfg = Release|Any CPU
		{0BED9D30-A86B-4ACB-A881-9F60620D53DB}.Release|Any CPU.Build.0 = Release|Any CPU
		{7D19F959-844F-47FD-BDE8-982A4CC1B0A0}.Debug|Any CPU.ActiveCfg = Debug|Any CPU
		{7D19F959-844F-47FD-BDE8-982A4CC1B0A0}.Debug|Any CPU.Build.0 = Debug|Any CPU
		{7D19F959-844F-47FD-BDE8-982A4CC1B0A0}.Release|Any CPU.ActiveCfg = Release|Any CPU
		{7D19F959-844F-47FD-BDE8-982A4CC1B0A0}.Release|Any CPU.Build.0 = Release|Any CPU
	EndGlobalSection
	GlobalSection(SolutionProperties) = preSolution
		HideSolutionNode = FALSE
	EndGlobalSection
	GlobalSection(ExtensibilityGlobals) = postSolution
		SolutionGuid = {85D7EE44-3CAB-4222-A6BD-4DCFEC3D3E44}
	EndGlobalSection
EndGlobal
