
Microsoft Visual Studio Solution File, Format Version 12.00
# Visual Studio Version 16
VisualStudioVersion = 16.0.31105.61
MinimumVisualStudioVersion = 10.0.40219.1
Project("{FAE04EC0-301F-11D3-BF4B-00C04F79EFBC}") = "Facade", "Facade\Facade.csproj", "{F3B85394-304A-478D-9415-238C29FA02C6}"
EndProject
Global
	GlobalSection(SolutionConfigurationPlatforms) = preSolution
		Debug|Any CPU = Debug|Any CPU
		Release|Any CPU = Release|Any CPU
	EndGlobalSection
	GlobalSection(ProjectConfigurationPlatforms) = postSolution
		{F3B85394-304A-478D-9415-238C29FA02C6}.Debug|Any CPU.ActiveCfg = Debug|Any CPU
		{F3B85394-304A-478D-9415-238C29FA02C6}.Debug|Any CPU.Build.0 = Debug|Any CPU
		{F3B85394-304A-478D-9415-238C29FA02C6}.Release|Any CPU.ActiveCfg = Release|Any CPU
		{F3B85394-304A-478D-9415-238C29FA02C6}.Release|Any CPU.Build.0 = Release|Any CPU
	EndGlobalSection
	GlobalSection(SolutionProperties) = preSolution
		HideSolutionNode = FALSE
	EndGlobalSection
	GlobalSection(ExtensibilityGlobals) = postSolution
		SolutionGuid = {6CBFB743-9810-47A3-8EF9-5BCFD8F5158A}
	EndGlobalSection
EndGlobal
