
Microsoft Visual Studio Solution File, Format Version 12.00
# Visual Studio Version 16
VisualStudioVersion = 16.0.31105.61
MinimumVisualStudioVersion = 10.0.40219.1
Project("{FAE04EC0-301F-11D3-BF4B-00C04F79EFBC}") = "AbstractFactory", "AbstractFactory\AbstractFactory.csproj", "{3B892BC5-833D-46BA-939C-B40CFEDE4F4C}"
EndProject
Global
	GlobalSection(SolutionConfigurationPlatforms) = preSolution
		Debug|Any CPU = Debug|Any CPU
		Release|Any CPU = Release|Any CPU
	EndGlobalSection
	GlobalSection(ProjectConfigurationPlatforms) = postSolution
		{3B892BC5-833D-46BA-939C-B40CFEDE4F4C}.Debug|Any CPU.ActiveCfg = Debug|Any CPU
		{3B892BC5-833D-46BA-939C-B40CFEDE4F4C}.Debug|Any CPU.Build.0 = Debug|Any CPU
		{3B892BC5-833D-46BA-939C-B40CFEDE4F4C}.Release|Any CPU.ActiveCfg = Release|Any CPU
		{3B892BC5-833D-46BA-939C-B40CFEDE4F4C}.Release|Any CPU.Build.0 = Release|Any CPU
	EndGlobalSection
	GlobalSection(SolutionProperties) = preSolution
		HideSolutionNode = FALSE
	EndGlobalSection
	GlobalSection(ExtensibilityGlobals) = postSolution
		SolutionGuid = {49DB2FC3-702F-4FF4-9931-120BE276B2F0}
	EndGlobalSection
EndGlobal
