
Microsoft Visual Studio Solution File, Format Version 12.00
# Visual Studio Version 16
VisualStudioVersion = 16.0.31005.135
MinimumVisualStudioVersion = 10.0.40219.1
Project("{FAE04EC0-301F-11D3-BF4B-00C04F79EFBC}") = "Async_Await_Usage", "Async_Await_Usage\Async_Await_Usage.csproj", "{C5D71B24-D20D-41B2-8B5C-817F473CFB81}"
EndProject
Global
	GlobalSection(SolutionConfigurationPlatforms) = preSolution
		Debug|Any CPU = Debug|Any CPU
		Release|Any CPU = Release|Any CPU
	EndGlobalSection
	GlobalSection(ProjectConfigurationPlatforms) = postSolution
		{C5D71B24-D20D-41B2-8B5C-817F473CFB81}.Debug|Any CPU.ActiveCfg = Debug|Any CPU
		{C5D71B24-D20D-41B2-8B5C-817F473CFB81}.Debug|Any CPU.Build.0 = Debug|Any CPU
		{C5D71B24-D20D-41B2-8B5C-817F473CFB81}.Release|Any CPU.ActiveCfg = Release|Any CPU
		{C5D71B24-D20D-41B2-8B5C-817F473CFB81}.Release|Any CPU.Build.0 = Release|Any CPU
	EndGlobalSection
	GlobalSection(SolutionProperties) = preSolution
		HideSolutionNode = FALSE
	EndGlobalSection
	GlobalSection(ExtensibilityGlobals) = postSolution
		SolutionGuid = {6877656E-634D-43F7-A878-B30CA61A0181}
	EndGlobalSection
EndGlobal
