
Microsoft Visual Studio Solution File, Format Version 12.00
# Visual Studio Version 16
VisualStudioVersion = 16.0.31019.35
MinimumVisualStudioVersion = 10.0.40219.1
Project("{FAE04EC0-301F-11D3-BF4B-00C04F79EFBC}") = "EmployeeDetails", "EmployeeDetails\EmployeeDetails.csproj", "{638879C2-99B0-4FEA-B020-8D5C0249F656}"
EndProject
Global
	GlobalSection(SolutionConfigurationPlatforms) = preSolution
		Debug|Any CPU = Debug|Any CPU
		Release|Any CPU = Release|Any CPU
	EndGlobalSection
	GlobalSection(ProjectConfigurationPlatforms) = postSolution
		{638879C2-99B0-4FEA-B020-8D5C0249F656}.Debug|Any CPU.ActiveCfg = Debug|Any CPU
		{638879C2-99B0-4FEA-B020-8D5C0249F656}.Debug|Any CPU.Build.0 = Debug|Any CPU
		{638879C2-99B0-4FEA-B020-8D5C0249F656}.Release|Any CPU.ActiveCfg = Release|Any CPU
		{638879C2-99B0-4FEA-B020-8D5C0249F656}.Release|Any CPU.Build.0 = Release|Any CPU
	EndGlobalSection
	GlobalSection(SolutionProperties) = preSolution
		HideSolutionNode = FALSE
	EndGlobalSection
	GlobalSection(ExtensibilityGlobals) = postSolution
		SolutionGuid = {A305A4D5-D4D2-42F6-BCA2-C078AE850A9A}
	EndGlobalSection
EndGlobal
